
Microsoft Visual Studio Solution File, Format Version 12.00
# Visual Studio Version 16
VisualStudioVersion = 16.0.30330.147
MinimumVisualStudioVersion = 10.0.40219.1
Project("{9A19103F-16F7-4668-BE54-9A1E7A4F7556}") = "Sumar", "Sumar\Sumar.csproj", "{6557D1E9-B808-4AC5-A820-7050E8F5E9E8}"
EndProject
Project("{FAE04EC0-301F-11D3-BF4B-00C04F79EFBC}") = "UnitTestSumar", "UnitTestSumar\UnitTestSumar.csproj", "{ABCAA430-CD53-4C19-BEE0-2FCFF3E0E6D7}"
EndProject
Global
	GlobalSection(SolutionConfigurationPlatforms) = preSolution
		Debug|Any CPU = Debug|Any CPU
		Release|Any CPU = Release|Any CPU
	EndGlobalSection
	GlobalSection(ProjectConfigurationPlatforms) = postSolution
		{6557D1E9-B808-4AC5-A820-7050E8F5E9E8}.Debug|Any CPU.ActiveCfg = Debug|Any CPU
		{6557D1E9-B808-4AC5-A820-7050E8F5E9E8}.Debug|Any CPU.Build.0 = Debug|Any CPU
		{6557D1E9-B808-4AC5-A820-7050E8F5E9E8}.Release|Any CPU.ActiveCfg = Release|Any CPU
		{6557D1E9-B808-4AC5-A820-7050E8F5E9E8}.Release|Any CPU.Build.0 = Release|Any CPU
		{ABCAA430-CD53-4C19-BEE0-2FCFF3E0E6D7}.Debug|Any CPU.ActiveCfg = Debug|Any CPU
		{ABCAA430-CD53-4C19-BEE0-2FCFF3E0E6D7}.Debug|Any CPU.Build.0 = Debug|Any CPU
		{ABCAA430-CD53-4C19-BEE0-2FCFF3E0E6D7}.Release|Any CPU.ActiveCfg = Release|Any CPU
		{ABCAA430-CD53-4C19-BEE0-2FCFF3E0E6D7}.Release|Any CPU.Build.0 = Release|Any CPU
	EndGlobalSection
	GlobalSection(SolutionProperties) = preSolution
		HideSolutionNode = FALSE
	EndGlobalSection
	GlobalSection(ExtensibilityGlobals) = postSolution
		SolutionGuid = {47D548D0-8EB3-4A8A-9D5B-1E25E565A3E5}
	EndGlobalSection
EndGlobal
